
Microsoft Visual Studio Solution File, Format Version 12.00
# Visual Studio 15
VisualStudioVersion = 15.0.27130.2027
MinimumVisualStudioVersion = 10.0.40219.1
Project("{FAE04EC0-301F-11D3-BF4B-00C04F79EFBC}") = "BinaryFormatterTest", "BinaryFormatterTest\BinaryFormatterTest.csproj", "{73D50A5E-0AC2-4DD7-8FE3-0BE0ABC15190}"
EndProject
Project("{FAE04EC0-301F-11D3-BF4B-00C04F79EFBC}") = "ThreadingTimerTest", "ThreadingTimerTest\ThreadingTimerTest.csproj", "{A9B95451-FB7A-4374-8D44-DFB31E3B1602}"
EndProject
Project("{FAE04EC0-301F-11D3-BF4B-00C04F79EFBC}") = "EnumTryParse", "EnumTryParse\EnumTryParse.csproj", "{86141299-7D5F-481E-B6AA-AFA34EA54E96}"
EndProject
Project("{FAE04EC0-301F-11D3-BF4B-00C04F79EFBC}") = "ContinueWithTest", "ContinueWithTest\ContinueWithTest.csproj", "{E8FB0841-5E4C-4F1C-A859-32FDC0EB1C91}"
EndProject
Project("{FAE04EC0-301F-11D3-BF4B-00C04F79EFBC}") = "Locking", "Locking\Locking.csproj", "{84964743-ABCE-483D-BA98-A047893459C3}"
EndProject
Project("{FAE04EC0-301F-11D3-BF4B-00C04F79EFBC}") = "AttributeUsageTest", "AttributeUsageTest\AttributeUsageTest.csproj", "{04CBEE1B-3DDE-4C41-8573-EED3324C53AC}"
EndProject
Project("{FAE04EC0-301F-11D3-BF4B-00C04F79EFBC}") = "EventsExperiments", "EventsExperiments\EventsExperiments.csproj", "{4E366442-A332-412B-B35E-9C9C70CE5DAA}"
EndProject
Project("{FAE04EC0-301F-11D3-BF4B-00C04F79EFBC}") = "TaskCompletionSourceExample", "TaskCompletionSourceExample\TaskCompletionSourceExample.csproj", "{578F06C2-F4E4-400E-B31B-8C67A064A78A}"
EndProject
Project("{FAE04EC0-301F-11D3-BF4B-00C04F79EFBC}") = "TasksExamples", "TasksExaples\TasksExamples.csproj", "{058B7447-FFCD-47EE-98C8-4AD255A8E970}"
EndProject
Project("{FAE04EC0-301F-11D3-BF4B-00C04F79EFBC}") = "DictionaryExp", "DictionaryExp\DictionaryExp.csproj", "{67AE226C-9F14-4B57-9B27-BF0D59BD6969}"
EndProject
Project("{FAE04EC0-301F-11D3-BF4B-00C04F79EFBC}") = "ObservableCollectionExperiment", "ObservableCollectionExperiment\ObservableCollectionExperiment.csproj", "{45A5A378-9BD0-4B52-8A0B-24784F9244DB}"
EndProject
Project("{FAE04EC0-301F-11D3-BF4B-00C04F79EFBC}") = "ReactiveExtensions", "ReactiveExtensions\ReactiveExtensions.csproj", "{4B5DF0E9-975F-4684-BB26-B22FB2295395}"
EndProject
Project("{2150E333-8FDC-42A3-9474-1A3956D46DE8}") = "AlgoSorting", "AlgoSorting", "{2CB3D92D-3281-4538-9D5A-F3D3E5CCCCCA}"
EndProject
Project("{FAE04EC0-301F-11D3-BF4B-00C04F79EFBC}") = "BubbleSort", "BubbleSort\BubbleSort.csproj", "{FC9C60AC-35CF-402F-8510-5061B2628E10}"
EndProject
Project("{FAE04EC0-301F-11D3-BF4B-00C04F79EFBC}") = "CancellationTokenSourceTest", "CancellationTokenSource\CancellationTokenSourceTest.csproj", "{F61C2C78-BE28-4ECE-9A76-14B6327E00B9}"
EndProject
Project("{FAE04EC0-301F-11D3-BF4B-00C04F79EFBC}") = "LoadTester", "LoadTester\LoadTester.csproj", "{122B56A6-5C19-45D5-8FF0-B9811B4049C4}"
EndProject
Project("{FAE04EC0-301F-11D3-BF4B-00C04F79EFBC}") = "GetOsVersionFriendly", "GetOsVersionFriendly\GetOsVersionFriendly.csproj", "{D17BF9D7-8665-480C-8013-3E48DC3E5973}"
EndProject
Project("{FAE04EC0-301F-11D3-BF4B-00C04F79EFBC}") = "GetCpuUsage", "GetCpuUsage\GetCpuUsage.csproj", "{071FEEF8-FC98-4AE8-837E-C7F28861F6F7}"
EndProject
Project("{FAE04EC0-301F-11D3-BF4B-00C04F79EFBC}") = "GoupListTest", "GoupListTest\GoupListTest.csproj", "{23D349CC-84CF-4398-9A92-92AB76E5133A}"
EndProject
Project("{FAE04EC0-301F-11D3-BF4B-00C04F79EFBC}") = "DateTimePerformanceMeasure", "DateTimePerformanceMeasure\DateTimePerformanceMeasure.csproj", "{9FC53D55-3928-48E4-9F51-0FFE2310C476}"
EndProject
Project("{FAE04EC0-301F-11D3-BF4B-00C04F79EFBC}") = "ChristmasSimpleApp", "ChristmasSimpleApp\ChristmasSimpleApp.csproj", "{BC5C4263-FA9C-43E2-8BE1-AD3A4AFDE6CF}"
EndProject
Project("{FAE04EC0-301F-11D3-BF4B-00C04F79EFBC}") = "KeycloakAuthRequestExample", "KeycloakAuthRequestExample\KeycloakAuthRequestExample.csproj", "{3E0D7832-E8E2-4234-9655-9A5A97C04E28}"
EndProject
Project("{9A19103F-16F7-4668-BE54-9A1E7A4F7556}") = "FiguresAreaLib", "FiguresAreaLib\FiguresAreaLib.csproj", "{5BB75042-D453-4A6F-9C58-85CA4EB63C9D}"
EndProject
Project("{2150E333-8FDC-42A3-9474-1A3956D46DE8}") = "FiguresAreaLibrary", "FiguresAreaLibrary", "{51BB9484-83E9-48F7-94CE-21BEB2E680B0}"
EndProject
Project("{9A19103F-16F7-4668-BE54-9A1E7A4F7556}") = "FiguresAreaLibraryTests", "FiguresAreaLibraryTests\FiguresAreaLibraryTests.csproj", "{9863D687-2F7C-4A31-AC62-C55F6257D68F}"
EndProject
Project("{2150E333-8FDC-42A3-9474-1A3956D46DE8}") = "TravelCardsSorting", "TravelCardsSorting", "{A21FE890-83D7-4A1C-AEEE-3D88703879B3}"
EndProject
Project("{9A19103F-16F7-4668-BE54-9A1E7A4F7556}") = "TravelCardsSortingLibrary", "TravelCardsSortingLibrary\TravelCardsSortingLibrary.csproj", "{CB5DA68B-C5E6-48D0-9E0A-7B7D665AA038}"
EndProject
Project("{FAE04EC0-301F-11D3-BF4B-00C04F79EFBC}") = "TravelCardsSortingTest", "TravelCardsSortingTest\TravelCardsSortingTest.csproj", "{92C2DBC9-BF12-43F6-B90A-5FBEACC87FD0}"
EndProject
Global
	GlobalSection(SolutionConfigurationPlatforms) = preSolution
		Debug|Any CPU = Debug|Any CPU
		Debug|ARM = Debug|ARM
		Debug|x64 = Debug|x64
		Debug|x86 = Debug|x86
		Final|Any CPU = Final|Any CPU
		Final|ARM = Final|ARM
		Final|x64 = Final|x64
		Final|x86 = Final|x86
		Release|Any CPU = Release|Any CPU
		Release|ARM = Release|ARM
		Release|x64 = Release|x64
		Release|x86 = Release|x86
	EndGlobalSection
	GlobalSection(ProjectConfigurationPlatforms) = postSolution
		{73D50A5E-0AC2-4DD7-8FE3-0BE0ABC15190}.Debug|Any CPU.ActiveCfg = Debug|Any CPU
		{73D50A5E-0AC2-4DD7-8FE3-0BE0ABC15190}.Debug|Any CPU.Build.0 = Debug|Any CPU
		{73D50A5E-0AC2-4DD7-8FE3-0BE0ABC15190}.Debug|ARM.ActiveCfg = Debug|Any CPU
		{73D50A5E-0AC2-4DD7-8FE3-0BE0ABC15190}.Debug|x64.ActiveCfg = Debug|Any CPU
		{73D50A5E-0AC2-4DD7-8FE3-0BE0ABC15190}.Debug|x86.ActiveCfg = Debug|Any CPU
		{73D50A5E-0AC2-4DD7-8FE3-0BE0ABC15190}.Final|Any CPU.ActiveCfg = Release|Any CPU
		{73D50A5E-0AC2-4DD7-8FE3-0BE0ABC15190}.Final|Any CPU.Build.0 = Release|Any CPU
		{73D50A5E-0AC2-4DD7-8FE3-0BE0ABC15190}.Final|ARM.ActiveCfg = Release|Any CPU
		{73D50A5E-0AC2-4DD7-8FE3-0BE0ABC15190}.Final|ARM.Build.0 = Release|Any CPU
		{73D50A5E-0AC2-4DD7-8FE3-0BE0ABC15190}.Final|x64.ActiveCfg = Release|Any CPU
		{73D50A5E-0AC2-4DD7-8FE3-0BE0ABC15190}.Final|x64.Build.0 = Release|Any CPU
		{73D50A5E-0AC2-4DD7-8FE3-0BE0ABC15190}.Final|x86.ActiveCfg = Release|Any CPU
		{73D50A5E-0AC2-4DD7-8FE3-0BE0ABC15190}.Final|x86.Build.0 = Release|Any CPU
		{73D50A5E-0AC2-4DD7-8FE3-0BE0ABC15190}.Release|Any CPU.ActiveCfg = Release|Any CPU
		{73D50A5E-0AC2-4DD7-8FE3-0BE0ABC15190}.Release|Any CPU.Build.0 = Release|Any CPU
		{73D50A5E-0AC2-4DD7-8FE3-0BE0ABC15190}.Release|ARM.ActiveCfg = Release|Any CPU
		{73D50A5E-0AC2-4DD7-8FE3-0BE0ABC15190}.Release|x64.ActiveCfg = Release|Any CPU
		{73D50A5E-0AC2-4DD7-8FE3-0BE0ABC15190}.Release|x86.ActiveCfg = Release|Any CPU
		{A9B95451-FB7A-4374-8D44-DFB31E3B1602}.Debug|Any CPU.ActiveCfg = Debug|Any CPU
		{A9B95451-FB7A-4374-8D44-DFB31E3B1602}.Debug|Any CPU.Build.0 = Debug|Any CPU
		{A9B95451-FB7A-4374-8D44-DFB31E3B1602}.Debug|ARM.ActiveCfg = Debug|Any CPU
		{A9B95451-FB7A-4374-8D44-DFB31E3B1602}.Debug|x64.ActiveCfg = Debug|Any CPU
		{A9B95451-FB7A-4374-8D44-DFB31E3B1602}.Debug|x86.ActiveCfg = Debug|Any CPU
		{A9B95451-FB7A-4374-8D44-DFB31E3B1602}.Final|Any CPU.ActiveCfg = Release|Any CPU
		{A9B95451-FB7A-4374-8D44-DFB31E3B1602}.Final|Any CPU.Build.0 = Release|Any CPU
		{A9B95451-FB7A-4374-8D44-DFB31E3B1602}.Final|ARM.ActiveCfg = Release|Any CPU
		{A9B95451-FB7A-4374-8D44-DFB31E3B1602}.Final|ARM.Build.0 = Release|Any CPU
		{A9B95451-FB7A-4374-8D44-DFB31E3B1602}.Final|x64.ActiveCfg = Release|Any CPU
		{A9B95451-FB7A-4374-8D44-DFB31E3B1602}.Final|x64.Build.0 = Release|Any CPU
		{A9B95451-FB7A-4374-8D44-DFB31E3B1602}.Final|x86.ActiveCfg = Release|Any CPU
		{A9B95451-FB7A-4374-8D44-DFB31E3B1602}.Final|x86.Build.0 = Release|Any CPU
		{A9B95451-FB7A-4374-8D44-DFB31E3B1602}.Release|Any CPU.ActiveCfg = Release|Any CPU
		{A9B95451-FB7A-4374-8D44-DFB31E3B1602}.Release|Any CPU.Build.0 = Release|Any CPU
		{A9B95451-FB7A-4374-8D44-DFB31E3B1602}.Release|ARM.ActiveCfg = Release|Any CPU
		{A9B95451-FB7A-4374-8D44-DFB31E3B1602}.Release|x64.ActiveCfg = Release|Any CPU
		{A9B95451-FB7A-4374-8D44-DFB31E3B1602}.Release|x86.ActiveCfg = Release|Any CPU
		{86141299-7D5F-481E-B6AA-AFA34EA54E96}.Debug|Any CPU.ActiveCfg = Debug|Any CPU
		{86141299-7D5F-481E-B6AA-AFA34EA54E96}.Debug|Any CPU.Build.0 = Debug|Any CPU
		{86141299-7D5F-481E-B6AA-AFA34EA54E96}.Debug|ARM.ActiveCfg = Debug|Any CPU
		{86141299-7D5F-481E-B6AA-AFA34EA54E96}.Debug|x64.ActiveCfg = Debug|Any CPU
		{86141299-7D5F-481E-B6AA-AFA34EA54E96}.Debug|x86.ActiveCfg = Debug|Any CPU
		{86141299-7D5F-481E-B6AA-AFA34EA54E96}.Final|Any CPU.ActiveCfg = Release|Any CPU
		{86141299-7D5F-481E-B6AA-AFA34EA54E96}.Final|Any CPU.Build.0 = Release|Any CPU
		{86141299-7D5F-481E-B6AA-AFA34EA54E96}.Final|ARM.ActiveCfg = Release|Any CPU
		{86141299-7D5F-481E-B6AA-AFA34EA54E96}.Final|ARM.Build.0 = Release|Any CPU
		{86141299-7D5F-481E-B6AA-AFA34EA54E96}.Final|x64.ActiveCfg = Release|Any CPU
		{86141299-7D5F-481E-B6AA-AFA34EA54E96}.Final|x64.Build.0 = Release|Any CPU
		{86141299-7D5F-481E-B6AA-AFA34EA54E96}.Final|x86.ActiveCfg = Release|Any CPU
		{86141299-7D5F-481E-B6AA-AFA34EA54E96}.Final|x86.Build.0 = Release|Any CPU
		{86141299-7D5F-481E-B6AA-AFA34EA54E96}.Release|Any CPU.ActiveCfg = Release|Any CPU
		{86141299-7D5F-481E-B6AA-AFA34EA54E96}.Release|Any CPU.Build.0 = Release|Any CPU
		{86141299-7D5F-481E-B6AA-AFA34EA54E96}.Release|ARM.ActiveCfg = Release|Any CPU
		{86141299-7D5F-481E-B6AA-AFA34EA54E96}.Release|x64.ActiveCfg = Release|Any CPU
		{86141299-7D5F-481E-B6AA-AFA34EA54E96}.Release|x86.ActiveCfg = Release|Any CPU
		{E8FB0841-5E4C-4F1C-A859-32FDC0EB1C91}.Debug|Any CPU.ActiveCfg = Debug|Any CPU
		{E8FB0841-5E4C-4F1C-A859-32FDC0EB1C91}.Debug|Any CPU.Build.0 = Debug|Any CPU
		{E8FB0841-5E4C-4F1C-A859-32FDC0EB1C91}.Debug|ARM.ActiveCfg = Debug|Any CPU
		{E8FB0841-5E4C-4F1C-A859-32FDC0EB1C91}.Debug|x64.ActiveCfg = Debug|Any CPU
		{E8FB0841-5E4C-4F1C-A859-32FDC0EB1C91}.Debug|x86.ActiveCfg = Debug|Any CPU
		{E8FB0841-5E4C-4F1C-A859-32FDC0EB1C91}.Final|Any CPU.ActiveCfg = Release|Any CPU
		{E8FB0841-5E4C-4F1C-A859-32FDC0EB1C91}.Final|Any CPU.Build.0 = Release|Any CPU
		{E8FB0841-5E4C-4F1C-A859-32FDC0EB1C91}.Final|ARM.ActiveCfg = Release|Any CPU
		{E8FB0841-5E4C-4F1C-A859-32FDC0EB1C91}.Final|ARM.Build.0 = Release|Any CPU
		{E8FB0841-5E4C-4F1C-A859-32FDC0EB1C91}.Final|x64.ActiveCfg = Release|Any CPU
		{E8FB0841-5E4C-4F1C-A859-32FDC0EB1C91}.Final|x64.Build.0 = Release|Any CPU
		{E8FB0841-5E4C-4F1C-A859-32FDC0EB1C91}.Final|x86.ActiveCfg = Release|Any CPU
		{E8FB0841-5E4C-4F1C-A859-32FDC0EB1C91}.Final|x86.Build.0 = Release|Any CPU
		{E8FB0841-5E4C-4F1C-A859-32FDC0EB1C91}.Release|Any CPU.ActiveCfg = Release|Any CPU
		{E8FB0841-5E4C-4F1C-A859-32FDC0EB1C91}.Release|Any CPU.Build.0 = Release|Any CPU
		{E8FB0841-5E4C-4F1C-A859-32FDC0EB1C91}.Release|ARM.ActiveCfg = Release|Any CPU
		{E8FB0841-5E4C-4F1C-A859-32FDC0EB1C91}.Release|x64.ActiveCfg = Release|Any CPU
		{E8FB0841-5E4C-4F1C-A859-32FDC0EB1C91}.Release|x86.ActiveCfg = Release|Any CPU
		{84964743-ABCE-483D-BA98-A047893459C3}.Debug|Any CPU.ActiveCfg = Debug|Any CPU
		{84964743-ABCE-483D-BA98-A047893459C3}.Debug|Any CPU.Build.0 = Debug|Any CPU
		{84964743-ABCE-483D-BA98-A047893459C3}.Debug|ARM.ActiveCfg = Debug|Any CPU
		{84964743-ABCE-483D-BA98-A047893459C3}.Debug|x64.ActiveCfg = Debug|Any CPU
		{84964743-ABCE-483D-BA98-A047893459C3}.Debug|x86.ActiveCfg = Debug|Any CPU
		{84964743-ABCE-483D-BA98-A047893459C3}.Final|Any CPU.ActiveCfg = Release|Any CPU
		{84964743-ABCE-483D-BA98-A047893459C3}.Final|Any CPU.Build.0 = Release|Any CPU
		{84964743-ABCE-483D-BA98-A047893459C3}.Final|ARM.ActiveCfg = Release|Any CPU
		{84964743-ABCE-483D-BA98-A047893459C3}.Final|ARM.Build.0 = Release|Any CPU
		{84964743-ABCE-483D-BA98-A047893459C3}.Final|x64.ActiveCfg = Release|Any CPU
		{84964743-ABCE-483D-BA98-A047893459C3}.Final|x64.Build.0 = Release|Any CPU
		{84964743-ABCE-483D-BA98-A047893459C3}.Final|x86.ActiveCfg = Release|Any CPU
		{84964743-ABCE-483D-BA98-A047893459C3}.Final|x86.Build.0 = Release|Any CPU
		{84964743-ABCE-483D-BA98-A047893459C3}.Release|Any CPU.ActiveCfg = Release|Any CPU
		{84964743-ABCE-483D-BA98-A047893459C3}.Release|Any CPU.Build.0 = Release|Any CPU
		{84964743-ABCE-483D-BA98-A047893459C3}.Release|ARM.ActiveCfg = Release|Any CPU
		{84964743-ABCE-483D-BA98-A047893459C3}.Release|x64.ActiveCfg = Release|Any CPU
		{84964743-ABCE-483D-BA98-A047893459C3}.Release|x86.ActiveCfg = Release|Any CPU
		{04CBEE1B-3DDE-4C41-8573-EED3324C53AC}.Debug|Any CPU.ActiveCfg = Debug|Any CPU
		{04CBEE1B-3DDE-4C41-8573-EED3324C53AC}.Debug|Any CPU.Build.0 = Debug|Any CPU
		{04CBEE1B-3DDE-4C41-8573-EED3324C53AC}.Debug|ARM.ActiveCfg = Debug|Any CPU
		{04CBEE1B-3DDE-4C41-8573-EED3324C53AC}.Debug|x64.ActiveCfg = Debug|Any CPU
		{04CBEE1B-3DDE-4C41-8573-EED3324C53AC}.Debug|x86.ActiveCfg = Debug|Any CPU
		{04CBEE1B-3DDE-4C41-8573-EED3324C53AC}.Final|Any CPU.ActiveCfg = Release|Any CPU
		{04CBEE1B-3DDE-4C41-8573-EED3324C53AC}.Final|Any CPU.Build.0 = Release|Any CPU
		{04CBEE1B-3DDE-4C41-8573-EED3324C53AC}.Final|ARM.ActiveCfg = Release|Any CPU
		{04CBEE1B-3DDE-4C41-8573-EED3324C53AC}.Final|ARM.Build.0 = Release|Any CPU
		{04CBEE1B-3DDE-4C41-8573-EED3324C53AC}.Final|x64.ActiveCfg = Release|Any CPU
		{04CBEE1B-3DDE-4C41-8573-EED3324C53AC}.Final|x64.Build.0 = Release|Any CPU
		{04CBEE1B-3DDE-4C41-8573-EED3324C53AC}.Final|x86.ActiveCfg = Release|Any CPU
		{04CBEE1B-3DDE-4C41-8573-EED3324C53AC}.Final|x86.Build.0 = Release|Any CPU
		{04CBEE1B-3DDE-4C41-8573-EED3324C53AC}.Release|Any CPU.ActiveCfg = Release|Any CPU
		{04CBEE1B-3DDE-4C41-8573-EED3324C53AC}.Release|Any CPU.Build.0 = Release|Any CPU
		{04CBEE1B-3DDE-4C41-8573-EED3324C53AC}.Release|ARM.ActiveCfg = Release|Any CPU
		{04CBEE1B-3DDE-4C41-8573-EED3324C53AC}.Release|x64.ActiveCfg = Release|Any CPU
		{04CBEE1B-3DDE-4C41-8573-EED3324C53AC}.Release|x86.ActiveCfg = Release|Any CPU
		{4E366442-A332-412B-B35E-9C9C70CE5DAA}.Debug|Any CPU.ActiveCfg = Debug|Any CPU
		{4E366442-A332-412B-B35E-9C9C70CE5DAA}.Debug|Any CPU.Build.0 = Debug|Any CPU
		{4E366442-A332-412B-B35E-9C9C70CE5DAA}.Debug|ARM.ActiveCfg = Debug|Any CPU
		{4E366442-A332-412B-B35E-9C9C70CE5DAA}.Debug|x64.ActiveCfg = Debug|Any CPU
		{4E366442-A332-412B-B35E-9C9C70CE5DAA}.Debug|x86.ActiveCfg = Debug|Any CPU
		{4E366442-A332-412B-B35E-9C9C70CE5DAA}.Final|Any CPU.ActiveCfg = Release|Any CPU
		{4E366442-A332-412B-B35E-9C9C70CE5DAA}.Final|Any CPU.Build.0 = Release|Any CPU
		{4E366442-A332-412B-B35E-9C9C70CE5DAA}.Final|ARM.ActiveCfg = Release|Any CPU
		{4E366442-A332-412B-B35E-9C9C70CE5DAA}.Final|ARM.Build.0 = Release|Any CPU
		{4E366442-A332-412B-B35E-9C9C70CE5DAA}.Final|x64.ActiveCfg = Release|Any CPU
		{4E366442-A332-412B-B35E-9C9C70CE5DAA}.Final|x64.Build.0 = Release|Any CPU
		{4E366442-A332-412B-B35E-9C9C70CE5DAA}.Final|x86.ActiveCfg = Release|Any CPU
		{4E366442-A332-412B-B35E-9C9C70CE5DAA}.Final|x86.Build.0 = Release|Any CPU
		{4E366442-A332-412B-B35E-9C9C70CE5DAA}.Release|Any CPU.ActiveCfg = Release|Any CPU
		{4E366442-A332-412B-B35E-9C9C70CE5DAA}.Release|Any CPU.Build.0 = Release|Any CPU
		{4E366442-A332-412B-B35E-9C9C70CE5DAA}.Release|ARM.ActiveCfg = Release|Any CPU
		{4E366442-A332-412B-B35E-9C9C70CE5DAA}.Release|x64.ActiveCfg = Release|Any CPU
		{4E366442-A332-412B-B35E-9C9C70CE5DAA}.Release|x86.ActiveCfg = Release|Any CPU
		{578F06C2-F4E4-400E-B31B-8C67A064A78A}.Debug|Any CPU.ActiveCfg = Debug|Any CPU
		{578F06C2-F4E4-400E-B31B-8C67A064A78A}.Debug|Any CPU.Build.0 = Debug|Any CPU
		{578F06C2-F4E4-400E-B31B-8C67A064A78A}.Debug|ARM.ActiveCfg = Debug|Any CPU
		{578F06C2-F4E4-400E-B31B-8C67A064A78A}.Debug|x64.ActiveCfg = Debug|Any CPU
		{578F06C2-F4E4-400E-B31B-8C67A064A78A}.Debug|x86.ActiveCfg = Debug|Any CPU
		{578F06C2-F4E4-400E-B31B-8C67A064A78A}.Final|Any CPU.ActiveCfg = Release|Any CPU
		{578F06C2-F4E4-400E-B31B-8C67A064A78A}.Final|Any CPU.Build.0 = Release|Any CPU
		{578F06C2-F4E4-400E-B31B-8C67A064A78A}.Final|ARM.ActiveCfg = Release|Any CPU
		{578F06C2-F4E4-400E-B31B-8C67A064A78A}.Final|ARM.Build.0 = Release|Any CPU
		{578F06C2-F4E4-400E-B31B-8C67A064A78A}.Final|x64.ActiveCfg = Release|Any CPU
		{578F06C2-F4E4-400E-B31B-8C67A064A78A}.Final|x64.Build.0 = Release|Any CPU
		{578F06C2-F4E4-400E-B31B-8C67A064A78A}.Final|x86.ActiveCfg = Release|Any CPU
		{578F06C2-F4E4-400E-B31B-8C67A064A78A}.Final|x86.Build.0 = Release|Any CPU
		{578F06C2-F4E4-400E-B31B-8C67A064A78A}.Release|Any CPU.ActiveCfg = Release|Any CPU
		{578F06C2-F4E4-400E-B31B-8C67A064A78A}.Release|Any CPU.Build.0 = Release|Any CPU
		{578F06C2-F4E4-400E-B31B-8C67A064A78A}.Release|ARM.ActiveCfg = Release|Any CPU
		{578F06C2-F4E4-400E-B31B-8C67A064A78A}.Release|x64.ActiveCfg = Release|Any CPU
		{578F06C2-F4E4-400E-B31B-8C67A064A78A}.Release|x86.ActiveCfg = Release|Any CPU
		{058B7447-FFCD-47EE-98C8-4AD255A8E970}.Debug|Any CPU.ActiveCfg = Debug|Any CPU
		{058B7447-FFCD-47EE-98C8-4AD255A8E970}.Debug|Any CPU.Build.0 = Debug|Any CPU
		{058B7447-FFCD-47EE-98C8-4AD255A8E970}.Debug|ARM.ActiveCfg = Debug|Any CPU
		{058B7447-FFCD-47EE-98C8-4AD255A8E970}.Debug|x64.ActiveCfg = Debug|Any CPU
		{058B7447-FFCD-47EE-98C8-4AD255A8E970}.Debug|x86.ActiveCfg = Debug|Any CPU
		{058B7447-FFCD-47EE-98C8-4AD255A8E970}.Final|Any CPU.ActiveCfg = Release|Any CPU
		{058B7447-FFCD-47EE-98C8-4AD255A8E970}.Final|Any CPU.Build.0 = Release|Any CPU
		{058B7447-FFCD-47EE-98C8-4AD255A8E970}.Final|ARM.ActiveCfg = Release|Any CPU
		{058B7447-FFCD-47EE-98C8-4AD255A8E970}.Final|ARM.Build.0 = Release|Any CPU
		{058B7447-FFCD-47EE-98C8-4AD255A8E970}.Final|x64.ActiveCfg = Release|Any CPU
		{058B7447-FFCD-47EE-98C8-4AD255A8E970}.Final|x64.Build.0 = Release|Any CPU
		{058B7447-FFCD-47EE-98C8-4AD255A8E970}.Final|x86.ActiveCfg = Release|Any CPU
		{058B7447-FFCD-47EE-98C8-4AD255A8E970}.Final|x86.Build.0 = Release|Any CPU
		{058B7447-FFCD-47EE-98C8-4AD255A8E970}.Release|Any CPU.ActiveCfg = Release|Any CPU
		{058B7447-FFCD-47EE-98C8-4AD255A8E970}.Release|Any CPU.Build.0 = Release|Any CPU
		{058B7447-FFCD-47EE-98C8-4AD255A8E970}.Release|ARM.ActiveCfg = Release|Any CPU
		{058B7447-FFCD-47EE-98C8-4AD255A8E970}.Release|x64.ActiveCfg = Release|Any CPU
		{058B7447-FFCD-47EE-98C8-4AD255A8E970}.Release|x86.ActiveCfg = Release|Any CPU
		{67AE226C-9F14-4B57-9B27-BF0D59BD6969}.Debug|Any CPU.ActiveCfg = Debug|Any CPU
		{67AE226C-9F14-4B57-9B27-BF0D59BD6969}.Debug|Any CPU.Build.0 = Debug|Any CPU
		{67AE226C-9F14-4B57-9B27-BF0D59BD6969}.Debug|ARM.ActiveCfg = Debug|Any CPU
		{67AE226C-9F14-4B57-9B27-BF0D59BD6969}.Debug|ARM.Build.0 = Debug|Any CPU
		{67AE226C-9F14-4B57-9B27-BF0D59BD6969}.Debug|x64.ActiveCfg = Debug|Any CPU
		{67AE226C-9F14-4B57-9B27-BF0D59BD6969}.Debug|x64.Build.0 = Debug|Any CPU
		{67AE226C-9F14-4B57-9B27-BF0D59BD6969}.Debug|x86.ActiveCfg = Debug|Any CPU
		{67AE226C-9F14-4B57-9B27-BF0D59BD6969}.Debug|x86.Build.0 = Debug|Any CPU
		{67AE226C-9F14-4B57-9B27-BF0D59BD6969}.Final|Any CPU.ActiveCfg = Release|Any CPU
		{67AE226C-9F14-4B57-9B27-BF0D59BD6969}.Final|Any CPU.Build.0 = Release|Any CPU
		{67AE226C-9F14-4B57-9B27-BF0D59BD6969}.Final|ARM.ActiveCfg = Release|Any CPU
		{67AE226C-9F14-4B57-9B27-BF0D59BD6969}.Final|ARM.Build.0 = Release|Any CPU
		{67AE226C-9F14-4B57-9B27-BF0D59BD6969}.Final|x64.ActiveCfg = Release|Any CPU
		{67AE226C-9F14-4B57-9B27-BF0D59BD6969}.Final|x64.Build.0 = Release|Any CPU
		{67AE226C-9F14-4B57-9B27-BF0D59BD6969}.Final|x86.ActiveCfg = Release|Any CPU
		{67AE226C-9F14-4B57-9B27-BF0D59BD6969}.Final|x86.Build.0 = Release|Any CPU
		{67AE226C-9F14-4B57-9B27-BF0D59BD6969}.Release|Any CPU.ActiveCfg = Release|Any CPU
		{67AE226C-9F14-4B57-9B27-BF0D59BD6969}.Release|Any CPU.Build.0 = Release|Any CPU
		{67AE226C-9F14-4B57-9B27-BF0D59BD6969}.Release|ARM.ActiveCfg = Release|Any CPU
		{67AE226C-9F14-4B57-9B27-BF0D59BD6969}.Release|ARM.Build.0 = Release|Any CPU
		{67AE226C-9F14-4B57-9B27-BF0D59BD6969}.Release|x64.ActiveCfg = Release|Any CPU
		{67AE226C-9F14-4B57-9B27-BF0D59BD6969}.Release|x64.Build.0 = Release|Any CPU
		{67AE226C-9F14-4B57-9B27-BF0D59BD6969}.Release|x86.ActiveCfg = Release|Any CPU
		{67AE226C-9F14-4B57-9B27-BF0D59BD6969}.Release|x86.Build.0 = Release|Any CPU
		{45A5A378-9BD0-4B52-8A0B-24784F9244DB}.Debug|Any CPU.ActiveCfg = Debug|Any CPU
		{45A5A378-9BD0-4B52-8A0B-24784F9244DB}.Debug|Any CPU.Build.0 = Debug|Any CPU
		{45A5A378-9BD0-4B52-8A0B-24784F9244DB}.Debug|ARM.ActiveCfg = Debug|Any CPU
		{45A5A378-9BD0-4B52-8A0B-24784F9244DB}.Debug|ARM.Build.0 = Debug|Any CPU
		{45A5A378-9BD0-4B52-8A0B-24784F9244DB}.Debug|x64.ActiveCfg = Debug|Any CPU
		{45A5A378-9BD0-4B52-8A0B-24784F9244DB}.Debug|x64.Build.0 = Debug|Any CPU
		{45A5A378-9BD0-4B52-8A0B-24784F9244DB}.Debug|x86.ActiveCfg = Debug|Any CPU
		{45A5A378-9BD0-4B52-8A0B-24784F9244DB}.Debug|x86.Build.0 = Debug|Any CPU
		{45A5A378-9BD0-4B52-8A0B-24784F9244DB}.Final|Any CPU.ActiveCfg = Release|Any CPU
		{45A5A378-9BD0-4B52-8A0B-24784F9244DB}.Final|Any CPU.Build.0 = Release|Any CPU
		{45A5A378-9BD0-4B52-8A0B-24784F9244DB}.Final|ARM.ActiveCfg = Release|Any CPU
		{45A5A378-9BD0-4B52-8A0B-24784F9244DB}.Final|ARM.Build.0 = Release|Any CPU
		{45A5A378-9BD0-4B52-8A0B-24784F9244DB}.Final|x64.ActiveCfg = Release|Any CPU
		{45A5A378-9BD0-4B52-8A0B-24784F9244DB}.Final|x64.Build.0 = Release|Any CPU
		{45A5A378-9BD0-4B52-8A0B-24784F9244DB}.Final|x86.ActiveCfg = Release|Any CPU
		{45A5A378-9BD0-4B52-8A0B-24784F9244DB}.Final|x86.Build.0 = Release|Any CPU
		{45A5A378-9BD0-4B52-8A0B-24784F9244DB}.Release|Any CPU.ActiveCfg = Release|Any CPU
		{45A5A378-9BD0-4B52-8A0B-24784F9244DB}.Release|Any CPU.Build.0 = Release|Any CPU
		{45A5A378-9BD0-4B52-8A0B-24784F9244DB}.Release|ARM.ActiveCfg = Release|Any CPU
		{45A5A378-9BD0-4B52-8A0B-24784F9244DB}.Release|ARM.Build.0 = Release|Any CPU
		{45A5A378-9BD0-4B52-8A0B-24784F9244DB}.Release|x64.ActiveCfg = Release|Any CPU
		{45A5A378-9BD0-4B52-8A0B-24784F9244DB}.Release|x64.Build.0 = Release|Any CPU
		{45A5A378-9BD0-4B52-8A0B-24784F9244DB}.Release|x86.ActiveCfg = Release|Any CPU
		{45A5A378-9BD0-4B52-8A0B-24784F9244DB}.Release|x86.Build.0 = Release|Any CPU
		{4B5DF0E9-975F-4684-BB26-B22FB2295395}.Debug|Any CPU.ActiveCfg = Debug|Any CPU
		{4B5DF0E9-975F-4684-BB26-B22FB2295395}.Debug|Any CPU.Build.0 = Debug|Any CPU
		{4B5DF0E9-975F-4684-BB26-B22FB2295395}.Debug|ARM.ActiveCfg = Debug|Any CPU
		{4B5DF0E9-975F-4684-BB26-B22FB2295395}.Debug|ARM.Build.0 = Debug|Any CPU
		{4B5DF0E9-975F-4684-BB26-B22FB2295395}.Debug|x64.ActiveCfg = Debug|Any CPU
		{4B5DF0E9-975F-4684-BB26-B22FB2295395}.Debug|x64.Build.0 = Debug|Any CPU
		{4B5DF0E9-975F-4684-BB26-B22FB2295395}.Debug|x86.ActiveCfg = Debug|Any CPU
		{4B5DF0E9-975F-4684-BB26-B22FB2295395}.Debug|x86.Build.0 = Debug|Any CPU
		{4B5DF0E9-975F-4684-BB26-B22FB2295395}.Final|Any CPU.ActiveCfg = Release|Any CPU
		{4B5DF0E9-975F-4684-BB26-B22FB2295395}.Final|Any CPU.Build.0 = Release|Any CPU
		{4B5DF0E9-975F-4684-BB26-B22FB2295395}.Final|ARM.ActiveCfg = Release|Any CPU
		{4B5DF0E9-975F-4684-BB26-B22FB2295395}.Final|ARM.Build.0 = Release|Any CPU
		{4B5DF0E9-975F-4684-BB26-B22FB2295395}.Final|x64.ActiveCfg = Release|Any CPU
		{4B5DF0E9-975F-4684-BB26-B22FB2295395}.Final|x64.Build.0 = Release|Any CPU
		{4B5DF0E9-975F-4684-BB26-B22FB2295395}.Final|x86.ActiveCfg = Release|Any CPU
		{4B5DF0E9-975F-4684-BB26-B22FB2295395}.Final|x86.Build.0 = Release|Any CPU
		{4B5DF0E9-975F-4684-BB26-B22FB2295395}.Release|Any CPU.ActiveCfg = Release|Any CPU
		{4B5DF0E9-975F-4684-BB26-B22FB2295395}.Release|Any CPU.Build.0 = Release|Any CPU
		{4B5DF0E9-975F-4684-BB26-B22FB2295395}.Release|ARM.ActiveCfg = Release|Any CPU
		{4B5DF0E9-975F-4684-BB26-B22FB2295395}.Release|ARM.Build.0 = Release|Any CPU
		{4B5DF0E9-975F-4684-BB26-B22FB2295395}.Release|x64.ActiveCfg = Release|Any CPU
		{4B5DF0E9-975F-4684-BB26-B22FB2295395}.Release|x64.Build.0 = Release|Any CPU
		{4B5DF0E9-975F-4684-BB26-B22FB2295395}.Release|x86.ActiveCfg = Release|Any CPU
		{4B5DF0E9-975F-4684-BB26-B22FB2295395}.Release|x86.Build.0 = Release|Any CPU
		{FC9C60AC-35CF-402F-8510-5061B2628E10}.Debug|Any CPU.ActiveCfg = Debug|Any CPU
		{FC9C60AC-35CF-402F-8510-5061B2628E10}.Debug|Any CPU.Build.0 = Debug|Any CPU
		{FC9C60AC-35CF-402F-8510-5061B2628E10}.Debug|ARM.ActiveCfg = Debug|Any CPU
		{FC9C60AC-35CF-402F-8510-5061B2628E10}.Debug|ARM.Build.0 = Debug|Any CPU
		{FC9C60AC-35CF-402F-8510-5061B2628E10}.Debug|x64.ActiveCfg = Debug|Any CPU
		{FC9C60AC-35CF-402F-8510-5061B2628E10}.Debug|x64.Build.0 = Debug|Any CPU
		{FC9C60AC-35CF-402F-8510-5061B2628E10}.Debug|x86.ActiveCfg = Debug|Any CPU
		{FC9C60AC-35CF-402F-8510-5061B2628E10}.Debug|x86.Build.0 = Debug|Any CPU
		{FC9C60AC-35CF-402F-8510-5061B2628E10}.Final|Any CPU.ActiveCfg = Release|Any CPU
		{FC9C60AC-35CF-402F-8510-5061B2628E10}.Final|Any CPU.Build.0 = Release|Any CPU
		{FC9C60AC-35CF-402F-8510-5061B2628E10}.Final|ARM.ActiveCfg = Release|Any CPU
		{FC9C60AC-35CF-402F-8510-5061B2628E10}.Final|ARM.Build.0 = Release|Any CPU
		{FC9C60AC-35CF-402F-8510-5061B2628E10}.Final|x64.ActiveCfg = Release|Any CPU
		{FC9C60AC-35CF-402F-8510-5061B2628E10}.Final|x64.Build.0 = Release|Any CPU
		{FC9C60AC-35CF-402F-8510-5061B2628E10}.Final|x86.ActiveCfg = Release|Any CPU
		{FC9C60AC-35CF-402F-8510-5061B2628E10}.Final|x86.Build.0 = Release|Any CPU
		{FC9C60AC-35CF-402F-8510-5061B2628E10}.Release|Any CPU.ActiveCfg = Release|Any CPU
		{FC9C60AC-35CF-402F-8510-5061B2628E10}.Release|Any CPU.Build.0 = Release|Any CPU
		{FC9C60AC-35CF-402F-8510-5061B2628E10}.Release|ARM.ActiveCfg = Release|Any CPU
		{FC9C60AC-35CF-402F-8510-5061B2628E10}.Release|ARM.Build.0 = Release|Any CPU
		{FC9C60AC-35CF-402F-8510-5061B2628E10}.Release|x64.ActiveCfg = Release|Any CPU
		{FC9C60AC-35CF-402F-8510-5061B2628E10}.Release|x64.Build.0 = Release|Any CPU
		{FC9C60AC-35CF-402F-8510-5061B2628E10}.Release|x86.ActiveCfg = Release|Any CPU
		{FC9C60AC-35CF-402F-8510-5061B2628E10}.Release|x86.Build.0 = Release|Any CPU
		{F61C2C78-BE28-4ECE-9A76-14B6327E00B9}.Debug|Any CPU.ActiveCfg = Debug|Any CPU
		{F61C2C78-BE28-4ECE-9A76-14B6327E00B9}.Debug|Any CPU.Build.0 = Debug|Any CPU
		{F61C2C78-BE28-4ECE-9A76-14B6327E00B9}.Debug|ARM.ActiveCfg = Debug|Any CPU
		{F61C2C78-BE28-4ECE-9A76-14B6327E00B9}.Debug|ARM.Build.0 = Debug|Any CPU
		{F61C2C78-BE28-4ECE-9A76-14B6327E00B9}.Debug|x64.ActiveCfg = Debug|Any CPU
		{F61C2C78-BE28-4ECE-9A76-14B6327E00B9}.Debug|x64.Build.0 = Debug|Any CPU
		{F61C2C78-BE28-4ECE-9A76-14B6327E00B9}.Debug|x86.ActiveCfg = Debug|Any CPU
		{F61C2C78-BE28-4ECE-9A76-14B6327E00B9}.Debug|x86.Build.0 = Debug|Any CPU
		{F61C2C78-BE28-4ECE-9A76-14B6327E00B9}.Final|Any CPU.ActiveCfg = Release|Any CPU
		{F61C2C78-BE28-4ECE-9A76-14B6327E00B9}.Final|Any CPU.Build.0 = Release|Any CPU
		{F61C2C78-BE28-4ECE-9A76-14B6327E00B9}.Final|ARM.ActiveCfg = Release|Any CPU
		{F61C2C78-BE28-4ECE-9A76-14B6327E00B9}.Final|ARM.Build.0 = Release|Any CPU
		{F61C2C78-BE28-4ECE-9A76-14B6327E00B9}.Final|x64.ActiveCfg = Release|Any CPU
		{F61C2C78-BE28-4ECE-9A76-14B6327E00B9}.Final|x64.Build.0 = Release|Any CPU
		{F61C2C78-BE28-4ECE-9A76-14B6327E00B9}.Final|x86.ActiveCfg = Release|Any CPU
		{F61C2C78-BE28-4ECE-9A76-14B6327E00B9}.Final|x86.Build.0 = Release|Any CPU
		{F61C2C78-BE28-4ECE-9A76-14B6327E00B9}.Release|Any CPU.ActiveCfg = Release|Any CPU
		{F61C2C78-BE28-4ECE-9A76-14B6327E00B9}.Release|Any CPU.Build.0 = Release|Any CPU
		{F61C2C78-BE28-4ECE-9A76-14B6327E00B9}.Release|ARM.ActiveCfg = Release|Any CPU
		{F61C2C78-BE28-4ECE-9A76-14B6327E00B9}.Release|ARM.Build.0 = Release|Any CPU
		{F61C2C78-BE28-4ECE-9A76-14B6327E00B9}.Release|x64.ActiveCfg = Release|Any CPU
		{F61C2C78-BE28-4ECE-9A76-14B6327E00B9}.Release|x64.Build.0 = Release|Any CPU
		{F61C2C78-BE28-4ECE-9A76-14B6327E00B9}.Release|x86.ActiveCfg = Release|Any CPU
		{F61C2C78-BE28-4ECE-9A76-14B6327E00B9}.Release|x86.Build.0 = Release|Any CPU
		{122B56A6-5C19-45D5-8FF0-B9811B4049C4}.Debug|Any CPU.ActiveCfg = Debug|Any CPU
		{122B56A6-5C19-45D5-8FF0-B9811B4049C4}.Debug|Any CPU.Build.0 = Debug|Any CPU
		{122B56A6-5C19-45D5-8FF0-B9811B4049C4}.Debug|ARM.ActiveCfg = Debug|Any CPU
		{122B56A6-5C19-45D5-8FF0-B9811B4049C4}.Debug|ARM.Build.0 = Debug|Any CPU
		{122B56A6-5C19-45D5-8FF0-B9811B4049C4}.Debug|x64.ActiveCfg = Debug|Any CPU
		{122B56A6-5C19-45D5-8FF0-B9811B4049C4}.Debug|x64.Build.0 = Debug|Any CPU
		{122B56A6-5C19-45D5-8FF0-B9811B4049C4}.Debug|x86.ActiveCfg = Debug|Any CPU
		{122B56A6-5C19-45D5-8FF0-B9811B4049C4}.Debug|x86.Build.0 = Debug|Any CPU
		{122B56A6-5C19-45D5-8FF0-B9811B4049C4}.Final|Any CPU.ActiveCfg = Release|Any CPU
		{122B56A6-5C19-45D5-8FF0-B9811B4049C4}.Final|Any CPU.Build.0 = Release|Any CPU
		{122B56A6-5C19-45D5-8FF0-B9811B4049C4}.Final|ARM.ActiveCfg = Release|Any CPU
		{122B56A6-5C19-45D5-8FF0-B9811B4049C4}.Final|ARM.Build.0 = Release|Any CPU
		{122B56A6-5C19-45D5-8FF0-B9811B4049C4}.Final|x64.ActiveCfg = Release|Any CPU
		{122B56A6-5C19-45D5-8FF0-B9811B4049C4}.Final|x64.Build.0 = Release|Any CPU
		{122B56A6-5C19-45D5-8FF0-B9811B4049C4}.Final|x86.ActiveCfg = Release|Any CPU
		{122B56A6-5C19-45D5-8FF0-B9811B4049C4}.Final|x86.Build.0 = Release|Any CPU
		{122B56A6-5C19-45D5-8FF0-B9811B4049C4}.Release|Any CPU.ActiveCfg = Release|Any CPU
		{122B56A6-5C19-45D5-8FF0-B9811B4049C4}.Release|Any CPU.Build.0 = Release|Any CPU
		{122B56A6-5C19-45D5-8FF0-B9811B4049C4}.Release|ARM.ActiveCfg = Release|Any CPU
		{122B56A6-5C19-45D5-8FF0-B9811B4049C4}.Release|ARM.Build.0 = Release|Any CPU
		{122B56A6-5C19-45D5-8FF0-B9811B4049C4}.Release|x64.ActiveCfg = Release|Any CPU
		{122B56A6-5C19-45D5-8FF0-B9811B4049C4}.Release|x64.Build.0 = Release|Any CPU
		{122B56A6-5C19-45D5-8FF0-B9811B4049C4}.Release|x86.ActiveCfg = Release|Any CPU
		{122B56A6-5C19-45D5-8FF0-B9811B4049C4}.Release|x86.Build.0 = Release|Any CPU
		{D17BF9D7-8665-480C-8013-3E48DC3E5973}.Debug|Any CPU.ActiveCfg = Debug|Any CPU
		{D17BF9D7-8665-480C-8013-3E48DC3E5973}.Debug|Any CPU.Build.0 = Debug|Any CPU
		{D17BF9D7-8665-480C-8013-3E48DC3E5973}.Debug|ARM.ActiveCfg = Debug|Any CPU
		{D17BF9D7-8665-480C-8013-3E48DC3E5973}.Debug|ARM.Build.0 = Debug|Any CPU
		{D17BF9D7-8665-480C-8013-3E48DC3E5973}.Debug|x64.ActiveCfg = Debug|Any CPU
		{D17BF9D7-8665-480C-8013-3E48DC3E5973}.Debug|x64.Build.0 = Debug|Any CPU
		{D17BF9D7-8665-480C-8013-3E48DC3E5973}.Debug|x86.ActiveCfg = Debug|Any CPU
		{D17BF9D7-8665-480C-8013-3E48DC3E5973}.Debug|x86.Build.0 = Debug|Any CPU
		{D17BF9D7-8665-480C-8013-3E48DC3E5973}.Final|Any CPU.ActiveCfg = Release|Any CPU
		{D17BF9D7-8665-480C-8013-3E48DC3E5973}.Final|Any CPU.Build.0 = Release|Any CPU
		{D17BF9D7-8665-480C-8013-3E48DC3E5973}.Final|ARM.ActiveCfg = Release|Any CPU
		{D17BF9D7-8665-480C-8013-3E48DC3E5973}.Final|ARM.Build.0 = Release|Any CPU
		{D17BF9D7-8665-480C-8013-3E48DC3E5973}.Final|x64.ActiveCfg = Release|Any CPU
		{D17BF9D7-8665-480C-8013-3E48DC3E5973}.Final|x64.Build.0 = Release|Any CPU
		{D17BF9D7-8665-480C-8013-3E48DC3E5973}.Final|x86.ActiveCfg = Release|Any CPU
		{D17BF9D7-8665-480C-8013-3E48DC3E5973}.Final|x86.Build.0 = Release|Any CPU
		{D17BF9D7-8665-480C-8013-3E48DC3E5973}.Release|Any CPU.ActiveCfg = Release|Any CPU
		{D17BF9D7-8665-480C-8013-3E48DC3E5973}.Release|Any CPU.Build.0 = Release|Any CPU
		{D17BF9D7-8665-480C-8013-3E48DC3E5973}.Release|ARM.ActiveCfg = Release|Any CPU
		{D17BF9D7-8665-480C-8013-3E48DC3E5973}.Release|ARM.Build.0 = Release|Any CPU
		{D17BF9D7-8665-480C-8013-3E48DC3E5973}.Release|x64.ActiveCfg = Release|Any CPU
		{D17BF9D7-8665-480C-8013-3E48DC3E5973}.Release|x64.Build.0 = Release|Any CPU
		{D17BF9D7-8665-480C-8013-3E48DC3E5973}.Release|x86.ActiveCfg = Release|Any CPU
		{D17BF9D7-8665-480C-8013-3E48DC3E5973}.Release|x86.Build.0 = Release|Any CPU
		{071FEEF8-FC98-4AE8-837E-C7F28861F6F7}.Debug|Any CPU.ActiveCfg = Debug|Any CPU
		{071FEEF8-FC98-4AE8-837E-C7F28861F6F7}.Debug|Any CPU.Build.0 = Debug|Any CPU
		{071FEEF8-FC98-4AE8-837E-C7F28861F6F7}.Debug|ARM.ActiveCfg = Debug|Any CPU
		{071FEEF8-FC98-4AE8-837E-C7F28861F6F7}.Debug|ARM.Build.0 = Debug|Any CPU
		{071FEEF8-FC98-4AE8-837E-C7F28861F6F7}.Debug|x64.ActiveCfg = Debug|Any CPU
		{071FEEF8-FC98-4AE8-837E-C7F28861F6F7}.Debug|x64.Build.0 = Debug|Any CPU
		{071FEEF8-FC98-4AE8-837E-C7F28861F6F7}.Debug|x86.ActiveCfg = Debug|Any CPU
		{071FEEF8-FC98-4AE8-837E-C7F28861F6F7}.Debug|x86.Build.0 = Debug|Any CPU
		{071FEEF8-FC98-4AE8-837E-C7F28861F6F7}.Final|Any CPU.ActiveCfg = Release|Any CPU
		{071FEEF8-FC98-4AE8-837E-C7F28861F6F7}.Final|Any CPU.Build.0 = Release|Any CPU
		{071FEEF8-FC98-4AE8-837E-C7F28861F6F7}.Final|ARM.ActiveCfg = Release|Any CPU
		{071FEEF8-FC98-4AE8-837E-C7F28861F6F7}.Final|ARM.Build.0 = Release|Any CPU
		{071FEEF8-FC98-4AE8-837E-C7F28861F6F7}.Final|x64.ActiveCfg = Release|Any CPU
		{071FEEF8-FC98-4AE8-837E-C7F28861F6F7}.Final|x64.Build.0 = Release|Any CPU
		{071FEEF8-FC98-4AE8-837E-C7F28861F6F7}.Final|x86.ActiveCfg = Release|Any CPU
		{071FEEF8-FC98-4AE8-837E-C7F28861F6F7}.Final|x86.Build.0 = Release|Any CPU
		{071FEEF8-FC98-4AE8-837E-C7F28861F6F7}.Release|Any CPU.ActiveCfg = Release|Any CPU
		{071FEEF8-FC98-4AE8-837E-C7F28861F6F7}.Release|Any CPU.Build.0 = Release|Any CPU
		{071FEEF8-FC98-4AE8-837E-C7F28861F6F7}.Release|ARM.ActiveCfg = Release|Any CPU
		{071FEEF8-FC98-4AE8-837E-C7F28861F6F7}.Release|ARM.Build.0 = Release|Any CPU
		{071FEEF8-FC98-4AE8-837E-C7F28861F6F7}.Release|x64.ActiveCfg = Release|Any CPU
		{071FEEF8-FC98-4AE8-837E-C7F28861F6F7}.Release|x64.Build.0 = Release|Any CPU
		{071FEEF8-FC98-4AE8-837E-C7F28861F6F7}.Release|x86.ActiveCfg = Release|Any CPU
		{071FEEF8-FC98-4AE8-837E-C7F28861F6F7}.Release|x86.Build.0 = Release|Any CPU
		{23D349CC-84CF-4398-9A92-92AB76E5133A}.Debug|Any CPU.ActiveCfg = Debug|Any CPU
		{23D349CC-84CF-4398-9A92-92AB76E5133A}.Debug|Any CPU.Build.0 = Debug|Any CPU
		{23D349CC-84CF-4398-9A92-92AB76E5133A}.Debug|ARM.ActiveCfg = Debug|Any CPU
		{23D349CC-84CF-4398-9A92-92AB76E5133A}.Debug|ARM.Build.0 = Debug|Any CPU
		{23D349CC-84CF-4398-9A92-92AB76E5133A}.Debug|x64.ActiveCfg = Debug|Any CPU
		{23D349CC-84CF-4398-9A92-92AB76E5133A}.Debug|x64.Build.0 = Debug|Any CPU
		{23D349CC-84CF-4398-9A92-92AB76E5133A}.Debug|x86.ActiveCfg = Debug|Any CPU
		{23D349CC-84CF-4398-9A92-92AB76E5133A}.Debug|x86.Build.0 = Debug|Any CPU
		{23D349CC-84CF-4398-9A92-92AB76E5133A}.Final|Any CPU.ActiveCfg = Release|Any CPU
		{23D349CC-84CF-4398-9A92-92AB76E5133A}.Final|Any CPU.Build.0 = Release|Any CPU
		{23D349CC-84CF-4398-9A92-92AB76E5133A}.Final|ARM.ActiveCfg = Release|Any CPU
		{23D349CC-84CF-4398-9A92-92AB76E5133A}.Final|ARM.Build.0 = Release|Any CPU
		{23D349CC-84CF-4398-9A92-92AB76E5133A}.Final|x64.ActiveCfg = Release|Any CPU
		{23D349CC-84CF-4398-9A92-92AB76E5133A}.Final|x64.Build.0 = Release|Any CPU
		{23D349CC-84CF-4398-9A92-92AB76E5133A}.Final|x86.ActiveCfg = Release|Any CPU
		{23D349CC-84CF-4398-9A92-92AB76E5133A}.Final|x86.Build.0 = Release|Any CPU
		{23D349CC-84CF-4398-9A92-92AB76E5133A}.Release|Any CPU.ActiveCfg = Release|Any CPU
		{23D349CC-84CF-4398-9A92-92AB76E5133A}.Release|Any CPU.Build.0 = Release|Any CPU
		{23D349CC-84CF-4398-9A92-92AB76E5133A}.Release|ARM.ActiveCfg = Release|Any CPU
		{23D349CC-84CF-4398-9A92-92AB76E5133A}.Release|ARM.Build.0 = Release|Any CPU
		{23D349CC-84CF-4398-9A92-92AB76E5133A}.Release|x64.ActiveCfg = Release|Any CPU
		{23D349CC-84CF-4398-9A92-92AB76E5133A}.Release|x64.Build.0 = Release|Any CPU
		{23D349CC-84CF-4398-9A92-92AB76E5133A}.Release|x86.ActiveCfg = Release|Any CPU
		{23D349CC-84CF-4398-9A92-92AB76E5133A}.Release|x86.Build.0 = Release|Any CPU
		{9FC53D55-3928-48E4-9F51-0FFE2310C476}.Debug|Any CPU.ActiveCfg = Debug|Any CPU
		{9FC53D55-3928-48E4-9F51-0FFE2310C476}.Debug|Any CPU.Build.0 = Debug|Any CPU
		{9FC53D55-3928-48E4-9F51-0FFE2310C476}.Debug|ARM.ActiveCfg = Debug|Any CPU
		{9FC53D55-3928-48E4-9F51-0FFE2310C476}.Debug|ARM.Build.0 = Debug|Any CPU
		{9FC53D55-3928-48E4-9F51-0FFE2310C476}.Debug|x64.ActiveCfg = Debug|Any CPU
		{9FC53D55-3928-48E4-9F51-0FFE2310C476}.Debug|x64.Build.0 = Debug|Any CPU
		{9FC53D55-3928-48E4-9F51-0FFE2310C476}.Debug|x86.ActiveCfg = Debug|Any CPU
		{9FC53D55-3928-48E4-9F51-0FFE2310C476}.Debug|x86.Build.0 = Debug|Any CPU
		{9FC53D55-3928-48E4-9F51-0FFE2310C476}.Final|Any CPU.ActiveCfg = Release|Any CPU
		{9FC53D55-3928-48E4-9F51-0FFE2310C476}.Final|Any CPU.Build.0 = Release|Any CPU
		{9FC53D55-3928-48E4-9F51-0FFE2310C476}.Final|ARM.ActiveCfg = Release|Any CPU
		{9FC53D55-3928-48E4-9F51-0FFE2310C476}.Final|ARM.Build.0 = Release|Any CPU
		{9FC53D55-3928-48E4-9F51-0FFE2310C476}.Final|x64.ActiveCfg = Release|Any CPU
		{9FC53D55-3928-48E4-9F51-0FFE2310C476}.Final|x64.Build.0 = Release|Any CPU
		{9FC53D55-3928-48E4-9F51-0FFE2310C476}.Final|x86.ActiveCfg = Release|Any CPU
		{9FC53D55-3928-48E4-9F51-0FFE2310C476}.Final|x86.Build.0 = Release|Any CPU
		{9FC53D55-3928-48E4-9F51-0FFE2310C476}.Release|Any CPU.ActiveCfg = Release|Any CPU
		{9FC53D55-3928-48E4-9F51-0FFE2310C476}.Release|Any CPU.Build.0 = Release|Any CPU
		{9FC53D55-3928-48E4-9F51-0FFE2310C476}.Release|ARM.ActiveCfg = Release|Any CPU
		{9FC53D55-3928-48E4-9F51-0FFE2310C476}.Release|ARM.Build.0 = Release|Any CPU
		{9FC53D55-3928-48E4-9F51-0FFE2310C476}.Release|x64.ActiveCfg = Release|Any CPU
		{9FC53D55-3928-48E4-9F51-0FFE2310C476}.Release|x64.Build.0 = Release|Any CPU
		{9FC53D55-3928-48E4-9F51-0FFE2310C476}.Release|x86.ActiveCfg = Release|Any CPU
		{9FC53D55-3928-48E4-9F51-0FFE2310C476}.Release|x86.Build.0 = Release|Any CPU
		{BC5C4263-FA9C-43E2-8BE1-AD3A4AFDE6CF}.Debug|Any CPU.ActiveCfg = Debug|Any CPU
		{BC5C4263-FA9C-43E2-8BE1-AD3A4AFDE6CF}.Debug|Any CPU.Build.0 = Debug|Any CPU
		{BC5C4263-FA9C-43E2-8BE1-AD3A4AFDE6CF}.Debug|ARM.ActiveCfg = Debug|Any CPU
		{BC5C4263-FA9C-43E2-8BE1-AD3A4AFDE6CF}.Debug|ARM.Build.0 = Debug|Any CPU
		{BC5C4263-FA9C-43E2-8BE1-AD3A4AFDE6CF}.Debug|x64.ActiveCfg = Debug|Any CPU
		{BC5C4263-FA9C-43E2-8BE1-AD3A4AFDE6CF}.Debug|x64.Build.0 = Debug|Any CPU
		{BC5C4263-FA9C-43E2-8BE1-AD3A4AFDE6CF}.Debug|x86.ActiveCfg = Debug|Any CPU
		{BC5C4263-FA9C-43E2-8BE1-AD3A4AFDE6CF}.Debug|x86.Build.0 = Debug|Any CPU
		{BC5C4263-FA9C-43E2-8BE1-AD3A4AFDE6CF}.Final|Any CPU.ActiveCfg = Release|Any CPU
		{BC5C4263-FA9C-43E2-8BE1-AD3A4AFDE6CF}.Final|Any CPU.Build.0 = Release|Any CPU
		{BC5C4263-FA9C-43E2-8BE1-AD3A4AFDE6CF}.Final|ARM.ActiveCfg = Release|Any CPU
		{BC5C4263-FA9C-43E2-8BE1-AD3A4AFDE6CF}.Final|ARM.Build.0 = Release|Any CPU
		{BC5C4263-FA9C-43E2-8BE1-AD3A4AFDE6CF}.Final|x64.ActiveCfg = Release|Any CPU
		{BC5C4263-FA9C-43E2-8BE1-AD3A4AFDE6CF}.Final|x64.Build.0 = Release|Any CPU
		{BC5C4263-FA9C-43E2-8BE1-AD3A4AFDE6CF}.Final|x86.ActiveCfg = Release|Any CPU
		{BC5C4263-FA9C-43E2-8BE1-AD3A4AFDE6CF}.Final|x86.Build.0 = Release|Any CPU
		{BC5C4263-FA9C-43E2-8BE1-AD3A4AFDE6CF}.Release|Any CPU.ActiveCfg = Release|Any CPU
		{BC5C4263-FA9C-43E2-8BE1-AD3A4AFDE6CF}.Release|Any CPU.Build.0 = Release|Any CPU
		{BC5C4263-FA9C-43E2-8BE1-AD3A4AFDE6CF}.Release|ARM.ActiveCfg = Release|Any CPU
		{BC5C4263-FA9C-43E2-8BE1-AD3A4AFDE6CF}.Release|ARM.Build.0 = Release|Any CPU
		{BC5C4263-FA9C-43E2-8BE1-AD3A4AFDE6CF}.Release|x64.ActiveCfg = Release|Any CPU
		{BC5C4263-FA9C-43E2-8BE1-AD3A4AFDE6CF}.Release|x64.Build.0 = Release|Any CPU
		{BC5C4263-FA9C-43E2-8BE1-AD3A4AFDE6CF}.Release|x86.ActiveCfg = Release|Any CPU
		{BC5C4263-FA9C-43E2-8BE1-AD3A4AFDE6CF}.Release|x86.Build.0 = Release|Any CPU
		{3E0D7832-E8E2-4234-9655-9A5A97C04E28}.Debug|Any CPU.ActiveCfg = Debug|Any CPU
		{3E0D7832-E8E2-4234-9655-9A5A97C04E28}.Debug|Any CPU.Build.0 = Debug|Any CPU
		{3E0D7832-E8E2-4234-9655-9A5A97C04E28}.Debug|ARM.ActiveCfg = Debug|Any CPU
		{3E0D7832-E8E2-4234-9655-9A5A97C04E28}.Debug|ARM.Build.0 = Debug|Any CPU
		{3E0D7832-E8E2-4234-9655-9A5A97C04E28}.Debug|x64.ActiveCfg = Debug|Any CPU
		{3E0D7832-E8E2-4234-9655-9A5A97C04E28}.Debug|x64.Build.0 = Debug|Any CPU
		{3E0D7832-E8E2-4234-9655-9A5A97C04E28}.Debug|x86.ActiveCfg = Debug|Any CPU
		{3E0D7832-E8E2-4234-9655-9A5A97C04E28}.Debug|x86.Build.0 = Debug|Any CPU
		{3E0D7832-E8E2-4234-9655-9A5A97C04E28}.Final|Any CPU.ActiveCfg = Release|Any CPU
		{3E0D7832-E8E2-4234-9655-9A5A97C04E28}.Final|Any CPU.Build.0 = Release|Any CPU
		{3E0D7832-E8E2-4234-9655-9A5A97C04E28}.Final|ARM.ActiveCfg = Release|Any CPU
		{3E0D7832-E8E2-4234-9655-9A5A97C04E28}.Final|ARM.Build.0 = Release|Any CPU
		{3E0D7832-E8E2-4234-9655-9A5A97C04E28}.Final|x64.ActiveCfg = Release|Any CPU
		{3E0D7832-E8E2-4234-9655-9A5A97C04E28}.Final|x64.Build.0 = Release|Any CPU
		{3E0D7832-E8E2-4234-9655-9A5A97C04E28}.Final|x86.ActiveCfg = Release|Any CPU
		{3E0D7832-E8E2-4234-9655-9A5A97C04E28}.Final|x86.Build.0 = Release|Any CPU
		{3E0D7832-E8E2-4234-9655-9A5A97C04E28}.Release|Any CPU.ActiveCfg = Release|Any CPU
		{3E0D7832-E8E2-4234-9655-9A5A97C04E28}.Release|Any CPU.Build.0 = Release|Any CPU
		{3E0D7832-E8E2-4234-9655-9A5A97C04E28}.Release|ARM.ActiveCfg = Release|Any CPU
		{3E0D7832-E8E2-4234-9655-9A5A97C04E28}.Release|ARM.Build.0 = Release|Any CPU
		{3E0D7832-E8E2-4234-9655-9A5A97C04E28}.Release|x64.ActiveCfg = Release|Any CPU
		{3E0D7832-E8E2-4234-9655-9A5A97C04E28}.Release|x64.Build.0 = Release|Any CPU
		{3E0D7832-E8E2-4234-9655-9A5A97C04E28}.Release|x86.ActiveCfg = Release|Any CPU
		{3E0D7832-E8E2-4234-9655-9A5A97C04E28}.Release|x86.Build.0 = Release|Any CPU
		{5BB75042-D453-4A6F-9C58-85CA4EB63C9D}.Debug|Any CPU.ActiveCfg = Debug|Any CPU
		{5BB75042-D453-4A6F-9C58-85CA4EB63C9D}.Debug|Any CPU.Build.0 = Debug|Any CPU
		{5BB75042-D453-4A6F-9C58-85CA4EB63C9D}.Debug|ARM.ActiveCfg = Debug|Any CPU
		{5BB75042-D453-4A6F-9C58-85CA4EB63C9D}.Debug|ARM.Build.0 = Debug|Any CPU
		{5BB75042-D453-4A6F-9C58-85CA4EB63C9D}.Debug|x64.ActiveCfg = Debug|Any CPU
		{5BB75042-D453-4A6F-9C58-85CA4EB63C9D}.Debug|x64.Build.0 = Debug|Any CPU
		{5BB75042-D453-4A6F-9C58-85CA4EB63C9D}.Debug|x86.ActiveCfg = Debug|Any CPU
		{5BB75042-D453-4A6F-9C58-85CA4EB63C9D}.Debug|x86.Build.0 = Debug|Any CPU
		{5BB75042-D453-4A6F-9C58-85CA4EB63C9D}.Final|Any CPU.ActiveCfg = Debug|Any CPU
		{5BB75042-D453-4A6F-9C58-85CA4EB63C9D}.Final|Any CPU.Build.0 = Debug|Any CPU
		{5BB75042-D453-4A6F-9C58-85CA4EB63C9D}.Final|ARM.ActiveCfg = Debug|Any CPU
		{5BB75042-D453-4A6F-9C58-85CA4EB63C9D}.Final|ARM.Build.0 = Debug|Any CPU
		{5BB75042-D453-4A6F-9C58-85CA4EB63C9D}.Final|x64.ActiveCfg = Debug|Any CPU
		{5BB75042-D453-4A6F-9C58-85CA4EB63C9D}.Final|x64.Build.0 = Debug|Any CPU
		{5BB75042-D453-4A6F-9C58-85CA4EB63C9D}.Final|x86.ActiveCfg = Debug|Any CPU
		{5BB75042-D453-4A6F-9C58-85CA4EB63C9D}.Final|x86.Build.0 = Debug|Any CPU
		{5BB75042-D453-4A6F-9C58-85CA4EB63C9D}.Release|Any CPU.ActiveCfg = Release|Any CPU
		{5BB75042-D453-4A6F-9C58-85CA4EB63C9D}.Release|Any CPU.Build.0 = Release|Any CPU
		{5BB75042-D453-4A6F-9C58-85CA4EB63C9D}.Release|ARM.ActiveCfg = Release|Any CPU
		{5BB75042-D453-4A6F-9C58-85CA4EB63C9D}.Release|ARM.Build.0 = Release|Any CPU
		{5BB75042-D453-4A6F-9C58-85CA4EB63C9D}.Release|x64.ActiveCfg = Release|Any CPU
		{5BB75042-D453-4A6F-9C58-85CA4EB63C9D}.Release|x64.Build.0 = Release|Any CPU
		{5BB75042-D453-4A6F-9C58-85CA4EB63C9D}.Release|x86.ActiveCfg = Release|Any CPU
		{5BB75042-D453-4A6F-9C58-85CA4EB63C9D}.Release|x86.Build.0 = Release|Any CPU
		{9863D687-2F7C-4A31-AC62-C55F6257D68F}.Debug|Any CPU.ActiveCfg = Debug|Any CPU
		{9863D687-2F7C-4A31-AC62-C55F6257D68F}.Debug|Any CPU.Build.0 = Debug|Any CPU
		{9863D687-2F7C-4A31-AC62-C55F6257D68F}.Debug|ARM.ActiveCfg = Debug|Any CPU
		{9863D687-2F7C-4A31-AC62-C55F6257D68F}.Debug|ARM.Build.0 = Debug|Any CPU
		{9863D687-2F7C-4A31-AC62-C55F6257D68F}.Debug|x64.ActiveCfg = Debug|Any CPU
		{9863D687-2F7C-4A31-AC62-C55F6257D68F}.Debug|x64.Build.0 = Debug|Any CPU
		{9863D687-2F7C-4A31-AC62-C55F6257D68F}.Debug|x86.ActiveCfg = Debug|Any CPU
		{9863D687-2F7C-4A31-AC62-C55F6257D68F}.Debug|x86.Build.0 = Debug|Any CPU
		{9863D687-2F7C-4A31-AC62-C55F6257D68F}.Final|Any CPU.ActiveCfg = Debug|Any CPU
		{9863D687-2F7C-4A31-AC62-C55F6257D68F}.Final|Any CPU.Build.0 = Debug|Any CPU
		{9863D687-2F7C-4A31-AC62-C55F6257D68F}.Final|ARM.ActiveCfg = Debug|Any CPU
		{9863D687-2F7C-4A31-AC62-C55F6257D68F}.Final|ARM.Build.0 = Debug|Any CPU
		{9863D687-2F7C-4A31-AC62-C55F6257D68F}.Final|x64.ActiveCfg = Debug|Any CPU
		{9863D687-2F7C-4A31-AC62-C55F6257D68F}.Final|x64.Build.0 = Debug|Any CPU
		{9863D687-2F7C-4A31-AC62-C55F6257D68F}.Final|x86.ActiveCfg = Debug|Any CPU
		{9863D687-2F7C-4A31-AC62-C55F6257D68F}.Final|x86.Build.0 = Debug|Any CPU
		{9863D687-2F7C-4A31-AC62-C55F6257D68F}.Release|Any CPU.ActiveCfg = Release|Any CPU
		{9863D687-2F7C-4A31-AC62-C55F6257D68F}.Release|Any CPU.Build.0 = Release|Any CPU
		{9863D687-2F7C-4A31-AC62-C55F6257D68F}.Release|ARM.ActiveCfg = Release|Any CPU
		{9863D687-2F7C-4A31-AC62-C55F6257D68F}.Release|ARM.Build.0 = Release|Any CPU
		{9863D687-2F7C-4A31-AC62-C55F6257D68F}.Release|x64.ActiveCfg = Release|Any CPU
		{9863D687-2F7C-4A31-AC62-C55F6257D68F}.Release|x64.Build.0 = Release|Any CPU
		{9863D687-2F7C-4A31-AC62-C55F6257D68F}.Release|x86.ActiveCfg = Release|Any CPU
		{9863D687-2F7C-4A31-AC62-C55F6257D68F}.Release|x86.Build.0 = Release|Any CPU
		{CB5DA68B-C5E6-48D0-9E0A-7B7D665AA038}.Debug|Any CPU.ActiveCfg = Debug|Any CPU
		{CB5DA68B-C5E6-48D0-9E0A-7B7D665AA038}.Debug|Any CPU.Build.0 = Debug|Any CPU
		{CB5DA68B-C5E6-48D0-9E0A-7B7D665AA038}.Debug|ARM.ActiveCfg = Debug|Any CPU
		{CB5DA68B-C5E6-48D0-9E0A-7B7D665AA038}.Debug|ARM.Build.0 = Debug|Any CPU
		{CB5DA68B-C5E6-48D0-9E0A-7B7D665AA038}.Debug|x64.ActiveCfg = Debug|Any CPU
		{CB5DA68B-C5E6-48D0-9E0A-7B7D665AA038}.Debug|x64.Build.0 = Debug|Any CPU
		{CB5DA68B-C5E6-48D0-9E0A-7B7D665AA038}.Debug|x86.ActiveCfg = Debug|Any CPU
		{CB5DA68B-C5E6-48D0-9E0A-7B7D665AA038}.Debug|x86.Build.0 = Debug|Any CPU
		{CB5DA68B-C5E6-48D0-9E0A-7B7D665AA038}.Final|Any CPU.ActiveCfg = Debug|Any CPU
		{CB5DA68B-C5E6-48D0-9E0A-7B7D665AA038}.Final|Any CPU.Build.0 = Debug|Any CPU
		{CB5DA68B-C5E6-48D0-9E0A-7B7D665AA038}.Final|ARM.ActiveCfg = Debug|Any CPU
		{CB5DA68B-C5E6-48D0-9E0A-7B7D665AA038}.Final|ARM.Build.0 = Debug|Any CPU
		{CB5DA68B-C5E6-48D0-9E0A-7B7D665AA038}.Final|x64.ActiveCfg = Debug|Any CPU
		{CB5DA68B-C5E6-48D0-9E0A-7B7D665AA038}.Final|x64.Build.0 = Debug|Any CPU
		{CB5DA68B-C5E6-48D0-9E0A-7B7D665AA038}.Final|x86.ActiveCfg = Debug|Any CPU
		{CB5DA68B-C5E6-48D0-9E0A-7B7D665AA038}.Final|x86.Build.0 = Debug|Any CPU
		{CB5DA68B-C5E6-48D0-9E0A-7B7D665AA038}.Release|Any CPU.ActiveCfg = Release|Any CPU
		{CB5DA68B-C5E6-48D0-9E0A-7B7D665AA038}.Release|Any CPU.Build.0 = Release|Any CPU
		{CB5DA68B-C5E6-48D0-9E0A-7B7D665AA038}.Release|ARM.ActiveCfg = Release|Any CPU
		{CB5DA68B-C5E6-48D0-9E0A-7B7D665AA038}.Release|ARM.Build.0 = Release|Any CPU
		{CB5DA68B-C5E6-48D0-9E0A-7B7D665AA038}.Release|x64.ActiveCfg = Release|Any CPU
		{CB5DA68B-C5E6-48D0-9E0A-7B7D665AA038}.Release|x64.Build.0 = Release|Any CPU
		{CB5DA68B-C5E6-48D0-9E0A-7B7D665AA038}.Release|x86.ActiveCfg = Release|Any CPU
		{CB5DA68B-C5E6-48D0-9E0A-7B7D665AA038}.Release|x86.Build.0 = Release|Any CPU
		{92C2DBC9-BF12-43F6-B90A-5FBEACC87FD0}.Debug|Any CPU.ActiveCfg = Debug|Any CPU
		{92C2DBC9-BF12-43F6-B90A-5FBEACC87FD0}.Debug|Any CPU.Build.0 = Debug|Any CPU
		{92C2DBC9-BF12-43F6-B90A-5FBEACC87FD0}.Debug|ARM.ActiveCfg = Debug|Any CPU
		{92C2DBC9-BF12-43F6-B90A-5FBEACC87FD0}.Debug|ARM.Build.0 = Debug|Any CPU
		{92C2DBC9-BF12-43F6-B90A-5FBEACC87FD0}.Debug|x64.ActiveCfg = Debug|Any CPU
		{92C2DBC9-BF12-43F6-B90A-5FBEACC87FD0}.Debug|x64.Build.0 = Debug|Any CPU
		{92C2DBC9-BF12-43F6-B90A-5FBEACC87FD0}.Debug|x86.ActiveCfg = Debug|Any CPU
		{92C2DBC9-BF12-43F6-B90A-5FBEACC87FD0}.Debug|x86.Build.0 = Debug|Any CPU
		{92C2DBC9-BF12-43F6-B90A-5FBEACC87FD0}.Final|Any CPU.ActiveCfg = Debug|Any CPU
		{92C2DBC9-BF12-43F6-B90A-5FBEACC87FD0}.Final|Any CPU.Build.0 = Debug|Any CPU
		{92C2DBC9-BF12-43F6-B90A-5FBEACC87FD0}.Final|ARM.ActiveCfg = Debug|Any CPU
		{92C2DBC9-BF12-43F6-B90A-5FBEACC87FD0}.Final|ARM.Build.0 = Debug|Any CPU
		{92C2DBC9-BF12-43F6-B90A-5FBEACC87FD0}.Final|x64.ActiveCfg = Debug|Any CPU
		{92C2DBC9-BF12-43F6-B90A-5FBEACC87FD0}.Final|x64.Build.0 = Debug|Any CPU
		{92C2DBC9-BF12-43F6-B90A-5FBEACC87FD0}.Final|x86.ActiveCfg = Debug|Any CPU
		{92C2DBC9-BF12-43F6-B90A-5FBEACC87FD0}.Final|x86.Build.0 = Debug|Any CPU
		{92C2DBC9-BF12-43F6-B90A-5FBEACC87FD0}.Release|Any CPU.ActiveCfg = Release|Any CPU
		{92C2DBC9-BF12-43F6-B90A-5FBEACC87FD0}.Release|Any CPU.Build.0 = Release|Any CPU
		{92C2DBC9-BF12-43F6-B90A-5FBEACC87FD0}.Release|ARM.ActiveCfg = Release|Any CPU
		{92C2DBC9-BF12-43F6-B90A-5FBEACC87FD0}.Release|ARM.Build.0 = Release|Any CPU
		{92C2DBC9-BF12-43F6-B90A-5FBEACC87FD0}.Release|x64.ActiveCfg = Release|Any CPU
		{92C2DBC9-BF12-43F6-B90A-5FBEACC87FD0}.Release|x64.Build.0 = Release|Any CPU
		{92C2DBC9-BF12-43F6-B90A-5FBEACC87FD0}.Release|x86.ActiveCfg = Release|Any CPU
		{92C2DBC9-BF12-43F6-B90A-5FBEACC87FD0}.Release|x86.Build.0 = Release|Any CPU
	EndGlobalSection
	GlobalSection(SolutionProperties) = preSolution
		HideSolutionNode = FALSE
	EndGlobalSection
	GlobalSection(NestedProjects) = preSolution
		{FC9C60AC-35CF-402F-8510-5061B2628E10} = {2CB3D92D-3281-4538-9D5A-F3D3E5CCCCCA}
		{5BB75042-D453-4A6F-9C58-85CA4EB63C9D} = {51BB9484-83E9-48F7-94CE-21BEB2E680B0}
		{9863D687-2F7C-4A31-AC62-C55F6257D68F} = {51BB9484-83E9-48F7-94CE-21BEB2E680B0}
		{CB5DA68B-C5E6-48D0-9E0A-7B7D665AA038} = {A21FE890-83D7-4A1C-AEEE-3D88703879B3}
		{92C2DBC9-BF12-43F6-B90A-5FBEACC87FD0} = {A21FE890-83D7-4A1C-AEEE-3D88703879B3}
	EndGlobalSection
	GlobalSection(ExtensibilityGlobals) = postSolution
		SolutionGuid = {A4AC401F-4A19-4AE0-ABF8-4CAF6528F058}
	EndGlobalSection
EndGlobal
